
Microsoft Visual Studio Solution File, Format Version 12.00
# Visual Studio Version 17
VisualStudioVersion = 17.2.32630.192
MinimumVisualStudioVersion = 10.0.40219.1
Project("{9A19103F-16F7-4668-BE54-9A1E7A4F7556}") = "TextFilter", "CalastoneTechTest\TextFilter.csproj", "{A26C0D3F-B9D0-40E8-B3F8-B5484840F0C3}"
EndProject
Project("{9A19103F-16F7-4668-BE54-9A1E7A4F7556}") = "TextFilter.Common", "TextFilter.Common\TextFilter.Common.csproj", "{730FE1E0-3711-463C-B252-769CDDA72C31}"
EndProject
Project("{9A19103F-16F7-4668-BE54-9A1E7A4F7556}") = "TextFilter.Services", "TextFilter.Services\TextFilter.Services.csproj", "{70C371B5-635E-4AB2-8C66-774AB1C4B8D6}"
EndProject
Project("{9A19103F-16F7-4668-BE54-9A1E7A4F7556}") = "TextFilter.Infrastructure", "TextFilter.Infrastructure\TextFilter.Infrastructure.csproj", "{B5A50473-59D7-4059-A723-4B9016D767A0}"
EndProject
Project("{2150E333-8FDC-42A3-9474-1A3956D46DE8}") = "src", "src", "{9EFBF83D-6054-4DEE-97FC-B8556A566715}"
EndProject
Project("{2150E333-8FDC-42A3-9474-1A3956D46DE8}") = "Tests", "Tests", "{1DB06D85-EBFC-4992-A857-13F5772E40D0}"
EndProject
Project("{9A19103F-16F7-4668-BE54-9A1E7A4F7556}") = "TextFilter.Common.Tests", "TextFilter.Common.Tests\TextFilter.Common.Tests.csproj", "{ED933805-FCA2-4570-A7B0-1EEED8C99C05}"
EndProject
Project("{9A19103F-16F7-4668-BE54-9A1E7A4F7556}") = "TextFilter.Infrastructure.Tests", "TextFilter.Infrastructure.Tests\TextFilter.Infrastructure.Tests.csproj", "{CF730AD2-A783-4205-B077-FC8C956BBDF4}"
EndProject
Project("{9A19103F-16F7-4668-BE54-9A1E7A4F7556}") = "TextFilter.Services.Tests", "TextFilter.Services.Tests\TextFilter.Services.Tests.csproj", "{161B23E2-19DE-443A-926A-5A6EC7800A24}"
EndProject
Global
	GlobalSection(SolutionConfigurationPlatforms) = preSolution
		Debug|Any CPU = Debug|Any CPU
		Release|Any CPU = Release|Any CPU
	EndGlobalSection
	GlobalSection(ProjectConfigurationPlatforms) = postSolution
		{A26C0D3F-B9D0-40E8-B3F8-B5484840F0C3}.Debug|Any CPU.ActiveCfg = Debug|Any CPU
		{A26C0D3F-B9D0-40E8-B3F8-B5484840F0C3}.Debug|Any CPU.Build.0 = Debug|Any CPU
		{A26C0D3F-B9D0-40E8-B3F8-B5484840F0C3}.Release|Any CPU.ActiveCfg = Release|Any CPU
		{A26C0D3F-B9D0-40E8-B3F8-B5484840F0C3}.Release|Any CPU.Build.0 = Release|Any CPU
		{730FE1E0-3711-463C-B252-769CDDA72C31}.Debug|Any CPU.ActiveCfg = Debug|Any CPU
		{730FE1E0-3711-463C-B252-769CDDA72C31}.Debug|Any CPU.Build.0 = Debug|Any CPU
		{730FE1E0-3711-463C-B252-769CDDA72C31}.Release|Any CPU.ActiveCfg = Release|Any CPU
		{730FE1E0-3711-463C-B252-769CDDA72C31}.Release|Any CPU.Build.0 = Release|Any CPU
		{70C371B5-635E-4AB2-8C66-774AB1C4B8D6}.Debug|Any CPU.ActiveCfg = Debug|Any CPU
		{70C371B5-635E-4AB2-8C66-774AB1C4B8D6}.Debug|Any CPU.Build.0 = Debug|Any CPU
		{70C371B5-635E-4AB2-8C66-774AB1C4B8D6}.Release|Any CPU.ActiveCfg = Release|Any CPU
		{70C371B5-635E-4AB2-8C66-774AB1C4B8D6}.Release|Any CPU.Build.0 = Release|Any CPU
		{B5A50473-59D7-4059-A723-4B9016D767A0}.Debug|Any CPU.ActiveCfg = Debug|Any CPU
		{B5A50473-59D7-4059-A723-4B9016D767A0}.Debug|Any CPU.Build.0 = Debug|Any CPU
		{B5A50473-59D7-4059-A723-4B9016D767A0}.Release|Any CPU.ActiveCfg = Release|Any CPU
		{B5A50473-59D7-4059-A723-4B9016D767A0}.Release|Any CPU.Build.0 = Release|Any CPU
		{ED933805-FCA2-4570-A7B0-1EEED8C99C05}.Debug|Any CPU.ActiveCfg = Debug|Any CPU
		{ED933805-FCA2-4570-A7B0-1EEED8C99C05}.Debug|Any CPU.Build.0 = Debug|Any CPU
		{ED933805-FCA2-4570-A7B0-1EEED8C99C05}.Release|Any CPU.ActiveCfg = Release|Any CPU
		{ED933805-FCA2-4570-A7B0-1EEED8C99C05}.Release|Any CPU.Build.0 = Release|Any CPU
		{CF730AD2-A783-4205-B077-FC8C956BBDF4}.Debug|Any CPU.ActiveCfg = Debug|Any CPU
		{CF730AD2-A783-4205-B077-FC8C956BBDF4}.Debug|Any CPU.Build.0 = Debug|Any CPU
		{CF730AD2-A783-4205-B077-FC8C956BBDF4}.Release|Any CPU.ActiveCfg = Release|Any CPU
		{CF730AD2-A783-4205-B077-FC8C956BBDF4}.Release|Any CPU.Build.0 = Release|Any CPU
		{161B23E2-19DE-443A-926A-5A6EC7800A24}.Debug|Any CPU.ActiveCfg = Debug|Any CPU
		{161B23E2-19DE-443A-926A-5A6EC7800A24}.Debug|Any CPU.Build.0 = Debug|Any CPU
		{161B23E2-19DE-443A-926A-5A6EC7800A24}.Release|Any CPU.ActiveCfg = Release|Any CPU
		{161B23E2-19DE-443A-926A-5A6EC7800A24}.Release|Any CPU.Build.0 = Release|Any CPU
	EndGlobalSection
	GlobalSection(SolutionProperties) = preSolution
		HideSolutionNode = FALSE
	EndGlobalSection
	GlobalSection(NestedProjects) = preSolution
		{A26C0D3F-B9D0-40E8-B3F8-B5484840F0C3} = {9EFBF83D-6054-4DEE-97FC-B8556A566715}
		{730FE1E0-3711-463C-B252-769CDDA72C31} = {9EFBF83D-6054-4DEE-97FC-B8556A566715}
		{70C371B5-635E-4AB2-8C66-774AB1C4B8D6} = {9EFBF83D-6054-4DEE-97FC-B8556A566715}
		{B5A50473-59D7-4059-A723-4B9016D767A0} = {9EFBF83D-6054-4DEE-97FC-B8556A566715}
		{ED933805-FCA2-4570-A7B0-1EEED8C99C05} = {1DB06D85-EBFC-4992-A857-13F5772E40D0}
		{CF730AD2-A783-4205-B077-FC8C956BBDF4} = {1DB06D85-EBFC-4992-A857-13F5772E40D0}
		{161B23E2-19DE-443A-926A-5A6EC7800A24} = {1DB06D85-EBFC-4992-A857-13F5772E40D0}
	EndGlobalSection
	GlobalSection(ExtensibilityGlobals) = postSolution
		SolutionGuid = {F521C3FD-DC33-45D9-99DF-9D46DB28E5DE}
	EndGlobalSection
EndGlobal
